
Microsoft Visual Studio Solution File, Format Version 12.00
# Visual Studio Version 17
VisualStudioVersion = 17.5.002.0
MinimumVisualStudioVersion = 10.0.40219.1
Project("{9A19103F-16F7-4668-BE54-9A1E7A4F7556}") = "Exo.WebApi", "Exo.WebApi.csproj", "{04C57728-BA47-4F41-9AF3-100D108826BC}"
EndProject
Global
	GlobalSection(SolutionConfigurationPlatforms) = preSolution
		Debug|Any CPU = Debug|Any CPU
		Release|Any CPU = Release|Any CPU
	EndGlobalSection
	GlobalSection(ProjectConfigurationPlatforms) = postSolution
		{04C57728-BA47-4F41-9AF3-100D108826BC}.Debug|Any CPU.ActiveCfg = Debug|Any CPU
		{04C57728-BA47-4F41-9AF3-100D108826BC}.Debug|Any CPU.Build.0 = Debug|Any CPU
		{04C57728-BA47-4F41-9AF3-100D108826BC}.Release|Any CPU.ActiveCfg = Release|Any CPU
		{04C57728-BA47-4F41-9AF3-100D108826BC}.Release|Any CPU.Build.0 = Release|Any CPU
	EndGlobalSection
	GlobalSection(SolutionProperties) = preSolution
		HideSolutionNode = FALSE
	EndGlobalSection
	GlobalSection(ExtensibilityGlobals) = postSolution
		SolutionGuid = {3EA39AE2-C41A-40AF-AD16-1159633B024A}
	EndGlobalSection
EndGlobal
